
Microsoft Visual Studio Solution File, Format Version 12.00
# Visual Studio Version 16
VisualStudioVersion = 16.0.34114.132
MinimumVisualStudioVersion = 10.0.40219.1
Project("{FAE04EC0-301F-11D3-BF4B-00C04F79EFBC}") = "yakit", "yakit\yakit.csproj", "{C7AA5B81-7BFD-4005-89DD-697CACA6880F}"
EndProject
Global
	GlobalSection(SolutionConfigurationPlatforms) = preSolution
		Debug|Any CPU = Debug|Any CPU
		Release|Any CPU = Release|Any CPU
	EndGlobalSection
	GlobalSection(ProjectConfigurationPlatforms) = postSolution
		{C7AA5B81-7BFD-4005-89DD-697CACA6880F}.Debug|Any CPU.ActiveCfg = Debug|Any CPU
		{C7AA5B81-7BFD-4005-89DD-697CACA6880F}.Debug|Any CPU.Build.0 = Debug|Any CPU
		{C7AA5B81-7BFD-4005-89DD-697CACA6880F}.Release|Any CPU.ActiveCfg = Release|Any CPU
		{C7AA5B81-7BFD-4005-89DD-697CACA6880F}.Release|Any CPU.Build.0 = Release|Any CPU
	EndGlobalSection
	GlobalSection(SolutionProperties) = preSolution
		HideSolutionNode = FALSE
	EndGlobalSection
	GlobalSection(ExtensibilityGlobals) = postSolution
		SolutionGuid = {0593730B-43E7-4FC7-8373-4A69330D86AC}
	EndGlobalSection
EndGlobal
